
Microsoft Visual Studio Solution File, Format Version 12.00
# Visual Studio Version 17
VisualStudioVersion = 17.5.33530.505
MinimumVisualStudioVersion = 10.0.40219.1
Project("{FAE04EC0-301F-11D3-BF4B-00C04F79EFBC}") = "Takerman.Packages.MessageBroker", "Takerman.Packages.MessageBroker\Takerman.Packages.MessageBroker.csproj", "{4F787729-FA52-4A11-8A4A-31E5AA406FD9}"
EndProject
Global
	GlobalSection(SolutionConfigurationPlatforms) = preSolution
		Debug|Any CPU = Debug|Any CPU
		Release|Any CPU = Release|Any CPU
	EndGlobalSection
	GlobalSection(ProjectConfigurationPlatforms) = postSolution
		{4F787729-FA52-4A11-8A4A-31E5AA406FD9}.Debug|Any CPU.ActiveCfg = Debug|Any CPU
		{4F787729-FA52-4A11-8A4A-31E5AA406FD9}.Debug|Any CPU.Build.0 = Debug|Any CPU
		{4F787729-FA52-4A11-8A4A-31E5AA406FD9}.Release|Any CPU.ActiveCfg = Release|Any CPU
		{4F787729-FA52-4A11-8A4A-31E5AA406FD9}.Release|Any CPU.Build.0 = Release|Any CPU
	EndGlobalSection
	GlobalSection(SolutionProperties) = preSolution
		HideSolutionNode = FALSE
	EndGlobalSection
	GlobalSection(ExtensibilityGlobals) = postSolution
		SolutionGuid = {52C53E32-E26D-43CD-BA6D-A76BA71B1663}
	EndGlobalSection
EndGlobal
